
Microsoft Visual Studio Solution File, Format Version 12.00
# Visual Studio Version 16
VisualStudioVersion = 16.0.34031.81
MinimumVisualStudioVersion = 10.0.40219.1
Project("{FAE04EC0-301F-11D3-BF4B-00C04F79EFBC}") = "GriffindorBlog", "GriffindorBlog\GriffindorBlog.csproj", "{6D75B1E1-038E-4D15-AA31-9E799DB9B4A9}"
EndProject
Project("{FAE04EC0-301F-11D3-BF4B-00C04F79EFBC}") = "GriffindorBlog.Database", "GriffindorBlog.Database\GriffindorBlog.Database.csproj", "{2784048A-5268-4AC5-8B87-AB198AC764E8}"
EndProject
Project("{FAE04EC0-301F-11D3-BF4B-00C04F79EFBC}") = "GriffindorBlog.DAL", "GriffindorBlog.DAL\GriffindorBlog.DAL.csproj", "{0A105717-D913-485C-9981-514956010E2A}"
EndProject
Global
	GlobalSection(SolutionConfigurationPlatforms) = preSolution
		Debug|Any CPU = Debug|Any CPU
		Release|Any CPU = Release|Any CPU
	EndGlobalSection
	GlobalSection(ProjectConfigurationPlatforms) = postSolution
		{6D75B1E1-038E-4D15-AA31-9E799DB9B4A9}.Debug|Any CPU.ActiveCfg = Debug|Any CPU
		{6D75B1E1-038E-4D15-AA31-9E799DB9B4A9}.Debug|Any CPU.Build.0 = Debug|Any CPU
		{6D75B1E1-038E-4D15-AA31-9E799DB9B4A9}.Release|Any CPU.ActiveCfg = Release|Any CPU
		{6D75B1E1-038E-4D15-AA31-9E799DB9B4A9}.Release|Any CPU.Build.0 = Release|Any CPU
		{2784048A-5268-4AC5-8B87-AB198AC764E8}.Debug|Any CPU.ActiveCfg = Debug|Any CPU
		{2784048A-5268-4AC5-8B87-AB198AC764E8}.Debug|Any CPU.Build.0 = Debug|Any CPU
		{2784048A-5268-4AC5-8B87-AB198AC764E8}.Release|Any CPU.ActiveCfg = Release|Any CPU
		{2784048A-5268-4AC5-8B87-AB198AC764E8}.Release|Any CPU.Build.0 = Release|Any CPU
		{0A105717-D913-485C-9981-514956010E2A}.Debug|Any CPU.ActiveCfg = Debug|Any CPU
		{0A105717-D913-485C-9981-514956010E2A}.Debug|Any CPU.Build.0 = Debug|Any CPU
		{0A105717-D913-485C-9981-514956010E2A}.Release|Any CPU.ActiveCfg = Release|Any CPU
		{0A105717-D913-485C-9981-514956010E2A}.Release|Any CPU.Build.0 = Release|Any CPU
	EndGlobalSection
	GlobalSection(SolutionProperties) = preSolution
		HideSolutionNode = FALSE
	EndGlobalSection
	GlobalSection(ExtensibilityGlobals) = postSolution
		SolutionGuid = {82705E6A-C29F-4E9A-BD43-3C9BA7AA8F82}
	EndGlobalSection
EndGlobal
